// !$*UTF8*$!
{
	archiveVersion = 1;
	classes = {
	};
	objectVersion = 55;
	objects = {

/* Begin PBXBuildFile section */
		2CF130E2286A2EB100B00DBD /* AppDelegate.swift in Sources */ = {isa = PBXBuildFile; fileRef = 2CF130E1286A2EB100B00DBD /* AppDelegate.swift */; };
		2CF130E4286A2EB100B00DBD /* SceneDelegate.swift in Sources */ = {isa = PBXBuildFile; fileRef = 2CF130E3286A2EB100B00DBD /* SceneDelegate.swift */; };
		2CF130E6286A2EB100B00DBD /* ViewController.swift in Sources */ = {isa = PBXBuildFile; fileRef = 2CF130E5286A2EB100B00DBD /* ViewController.swift */; };
		2CF130E9286A2EB100B00DBD /* Main.storyboard in Resources */ = {isa = PBXBuildFile; fileRef = 2CF130E7286A2EB100B00DBD /* Main.storyboard */; };
		2CF130EB286A2EB200B00DBD /* Assets.xcassets in Resources */ = {isa = PBXBuildFile; fileRef = 2CF130EA286A2EB200B00DBD /* Assets.xcassets */; };
		2CF130EE286A2EB200B00DBD /* LaunchScreen.storyboard in Resources */ = {isa = PBXBuildFile; fileRef = 2CF130EC286A2EB200B00DBD /* LaunchScreen.storyboard */; };
		2CF130F9286A2EB200B00DBD /* NavigationTests.swift in Sources */ = {isa = PBXBuildFile; fileRef = 2CF130F8286A2EB200B00DBD /* NavigationTests.swift */; };
		2CF13103286A2EB200B00DBD /* NavigationUITests.swift in Sources */ = {isa = PBXBuildFile; fileRef = 2CF13102286A2EB200B00DBD /* NavigationUITests.swift */; };
		2CF13105286A2EB200B00DBD /* NavigationUITestsLaunchTests.swift in Sources */ = {isa = PBXBuildFile; fileRef = 2CF13104286A2EB200B00DBD /* NavigationUITestsLaunchTests.swift */; };
/* End PBXBuildFile section */

/* Begin PBXContainerItemProxy section */
		2CF130F5286A2EB200B00DBD /* PBXContainerItemProxy */ = {
			isa = PBXContainerItemProxy;
			containerPortal = 2CF130D6286A2EB100B00DBD /* Project object */;
			proxyType = 1;
			remoteGlobalIDString = 2CF130DD286A2EB100B00DBD;
			remoteInfo = Navigation;
		};
		2CF130FF286A2EB200B00DBD /* PBXContainerItemProxy */ = {
			isa = PBXContainerItemProxy;
			containerPortal = 2CF130D6286A2EB100B00DBD /* Project object */;
			proxyType = 1;
			remoteGlobalIDString = 2CF130DD286A2EB100B00DBD;
			remoteInfo = Navigation;
		};
/* End PBXContainerItemProxy section */

/* Begin PBXFileReference section */
		2CF130DE286A2EB100B00DBD /* Navigation.app */ = {isa = PBXFileReference; explicitFileType = wrapper.application; includeInIndex = 0; path = Navigation.app; sourceTree = BUILT_PRODUCTS_DIR; };
		2CF130E1286A2EB100B00DBD /* AppDelegate.swift */ = {isa = PBXFileReference; lastKnownFileType = sourcecode.swift; path = AppDelegate.swift; sourceTree = "<group>"; };
		2CF130E3286A2EB100B00DBD /* SceneDelegate.swift */ = {isa = PBXFileReference; lastKnownFileType = sourcecode.swift; path = SceneDelegate.swift; sourceTree = "<group>"; };
		2CF130E5286A2EB100B00DBD /* ViewController.swift */ = {isa = PBXFileReference; lastKnownFileType = sourcecode.swift; path = ViewController.swift; sourceTree = "<group>"; };
		2CF130E8286A2EB100B00DBD /* Base */ = {isa = PBXFileReference; lastKnownFileType = file.storyboard; name = Base; path = Base.lproj/Main.storyboard; sourceTree = "<group>"; };
		2CF130EA286A2EB200B00DBD /* Assets.xcassets */ = {isa = PBXFileReference; lastKnownFileType = folder.assetcatalog; path = Assets.xcassets; sourceTree = "<group>"; };
		2CF130ED286A2EB200B00DBD /* Base */ = {isa = PBXFileReference; lastKnownFileType = file.storyboard; name = Base; path = Base.lproj/LaunchScreen.storyboard; sourceTree = "<group>"; };
		2CF130EF286A2EB200B00DBD /* Info.plist */ = {isa = PBXFileReference; lastKnownFileType = text.plist.xml; path = Info.plist; sourceTree = "<group>"; };
		2CF130F4286A2EB200B00DBD /* NavigationTests.xctest */ = {isa = PBXFileReference; explicitFileType = wrapper.cfbundle; includeInIndex = 0; path = NavigationTests.xctest; sourceTree = BUILT_PRODUCTS_DIR; };
		2CF130F8286A2EB200B00DBD /* NavigationTests.swift */ = {isa = PBXFileReference; lastKnownFileType = sourcecode.swift; path = NavigationTests.swift; sourceTree = "<group>"; };
		2CF130FE286A2EB200B00DBD /* NavigationUITests.xctest */ = {isa = PBXFileReference; explicitFileType = wrapper.cfbundle; includeInIndex = 0; path = NavigationUITests.xctest; sourceTree = BUILT_PRODUCTS_DIR; };
		2CF13102286A2EB200B00DBD /* NavigationUITests.swift */ = {isa = PBXFileReference; lastKnownFileType = sourcecode.swift; path = NavigationUITests.swift; sourceTree = "<group>"; };
		2CF13104286A2EB200B00DBD /* NavigationUITestsLaunchTests.swift */ = {isa = PBXFileReference; lastKnownFileType = sourcecode.swift; path = NavigationUITestsLaunchTests.swift; sourceTree = "<group>"; };
/* End PBXFileReference section */

/* Begin PBXFrameworksBuildPhase section */
		2CF130DB286A2EB100B00DBD /* Frameworks */ = {
			isa = PBXFrameworksBuildPhase;
			buildActionMask = 2147483647;
			files = (
			);
			runOnlyForDeploymentPostprocessing = 0;
		};
		2CF130F1286A2EB200B00DBD /* Frameworks */ = {
			isa = PBXFrameworksBuildPhase;
			buildActionMask = 2147483647;
			files = (
			);
			runOnlyForDeploymentPostprocessing = 0;
		};
		2CF130FB286A2EB200B00DBD /* Frameworks */ = {
			isa = PBXFrameworksBuildPhase;
			buildActionMask = 2147483647;
			files = (
			);
			runOnlyForDeploymentPostprocessing = 0;
		};
/* End PBXFrameworksBuildPhase section */

/* Begin PBXGroup section */
		2CF130D5286A2EB100B00DBD = {
			isa = PBXGroup;
			children = (
				2CF130E0286A2EB100B00DBD /* Navigation */,
				2CF130F7286A2EB200B00DBD /* NavigationTests */,
				2CF13101286A2EB200B00DBD /* NavigationUITests */,
				2CF130DF286A2EB100B00DBD /* Products */,
			);
			sourceTree = "<group>";
		};
		2CF130DF286A2EB100B00DBD /* Products */ = {
			isa = PBXGroup;
			children = (
				2CF130DE286A2EB100B00DBD /* Navigation.app */,
				2CF130F4286A2EB200B00DBD /* NavigationTests.xctest */,
				2CF130FE286A2EB200B00DBD /* NavigationUITests.xctest */,
			);
			name = Products;
			sourceTree = "<group>";
		};
		2CF130E0286A2EB100B00DBD /* Navigation */ = {
			isa = PBXGroup;
			children = (
				2CF130E1286A2EB100B00DBD /* AppDelegate.swift */,
				2CF130E3286A2EB100B00DBD /* SceneDelegate.swift */,
				2CF130E5286A2EB100B00DBD /* ViewController.swift */,
				2CF130E7286A2EB100B00DBD /* Main.storyboard */,
				2CF130EA286A2EB200B00DBD /* Assets.xcassets */,
				2CF130EC286A2EB200B00DBD /* LaunchScreen.storyboard */,
				2CF130EF286A2EB200B00DBD /* Info.plist */,
			);
			path = Navigation;
			sourceTree = "<group>";
		};
		2CF130F7286A2EB200B00DBD /* NavigationTests */ = {
			isa = PBXGroup;
			children = (
				2CF130F8286A2EB200B00DBD /* NavigationTests.swift */,
			);
			path = NavigationTests;
			sourceTree = "<group>";
		};
		2CF13101286A2EB200B00DBD /* NavigationUITests */ = {
			isa = PBXGroup;
			children = (
				2CF13102286A2EB200B00DBD /* NavigationUITests.swift */,
				2CF13104286A2EB200B00DBD /* NavigationUITestsLaunchTests.swift */,
			);
			path = NavigationUITests;
			sourceTree = "<group>";
		};
/* End PBXGroup section */

/* Begin PBXNativeTarget section */
		2CF130DD286A2EB100B00DBD /* Navigation */ = {
			isa = PBXNativeTarget;
			buildConfigurationList = 2CF13108286A2EB200B00DBD /* Build configuration list for PBXNativeTarget "Navigation" */;
			buildPhases = (
				2CF130DA286A2EB100B00DBD /* Sources */,
				2CF130DB286A2EB100B00DBD /* Frameworks */,
				2CF130DC286A2EB100B00DBD /* Resources */,
			);
			buildRules = (
			);
			dependencies = (
			);
			name = Navigation;
			productName = Navigation;
			productReference = 2CF130DE286A2EB100B00DBD /* Navigation.app */;
			productType = "com.apple.product-type.application";
		};
		2CF130F3286A2EB200B00DBD /* NavigationTests */ = {
			isa = PBXNativeTarget;
			buildConfigurationList = 2CF1310B286A2EB200B00DBD /* Build configuration list for PBXNativeTarget "NavigationTests" */;
			buildPhases = (
				2CF130F0286A2EB200B00DBD /* Sources */,
				2CF130F1286A2EB200B00DBD /* Frameworks */,
				2CF130F2286A2EB200B00DBD /* Resources */,
			);
			buildRules = (
			);
			dependencies = (
				2CF130F6286A2EB200B00DBD /* PBXTargetDependency */,
			);
			name = NavigationTests;
			productName = NavigationTests;
			productReference = 2CF130F4286A2EB200B00DBD /* NavigationTests.xctest */;
			productType = "com.apple.product-type.bundle.unit-test";
		};
		2CF130FD286A2EB200B00DBD /* NavigationUITests */ = {
			isa = PBXNativeTarget;
			buildConfigurationList = 2CF1310E286A2EB200B00DBD /* Build configuration list for PBXNativeTarget "NavigationUITests" */;
			buildPhases = (
				2CF130FA286A2EB200B00DBD /* Sources */,
				2CF130FB286A2EB200B00DBD /* Frameworks */,
				2CF130FC286A2EB200B00DBD /* Resources */,
			);
			buildRules = (
			);
			dependencies = (
				2CF13100286A2EB200B00DBD /* PBXTargetDependency */,
			);
			name = NavigationUITests;
			productName = NavigationUITests;
			productReference = 2CF130FE286A2EB200B00DBD /* NavigationUITests.xctest */;
			productType = "com.apple.product-type.bundle.ui-testing";
		};
/* End PBXNativeTarget section */

/* Begin PBXProject section */
		2CF130D6286A2EB100B00DBD /* Project object */ = {
			isa = PBXProject;
			attributes = {
				BuildIndependentTargetsInParallel = 1;
				LastSwiftUpdateCheck = 1330;
				LastUpgradeCheck = 1330;
				TargetAttributes = {
					2CF130DD286A2EB100B00DBD = {
						CreatedOnToolsVersion = 13.3.1;
					};
					2CF130F3286A2EB200B00DBD = {
						CreatedOnToolsVersion = 13.3.1;
						TestTargetID = 2CF130DD286A2EB100B00DBD;
					};
					2CF130FD286A2EB200B00DBD = {
						CreatedOnToolsVersion = 13.3.1;
						TestTargetID = 2CF130DD286A2EB100B00DBD;
					};
				};
			};
			buildConfigurationList = 2CF130D9286A2EB100B00DBD /* Build configuration list for PBXProject "Navigation" */;
			compatibilityVersion = "Xcode 13.0";
			developmentRegion = en;
			hasScannedForEncodings = 0;
			knownRegions = (
				en,
				Base,
			);
			mainGroup = 2CF130D5286A2EB100B00DBD;
			productRefGroup = 2CF130DF286A2EB100B00DBD /* Products */;
			projectDirPath = "";
			projectRoot = "";
			targets = (
				2CF130DD286A2EB100B00DBD /* Navigation */,
				2CF130F3286A2EB200B00DBD /* NavigationTests */,
				2CF130FD286A2EB200B00DBD /* NavigationUITests */,
			);
		};
/* End PBXProject section */

/* Begin PBXResourcesBuildPhase section */
		2CF130DC286A2EB100B00DBD /* Resources */ = {
			isa = PBXResourcesBuildPhase;
			buildActionMask = 2147483647;
			files = (
				2CF130EE286A2EB200B00DBD /* LaunchScreen.storyboard in Resources */,
				2CF130EB286A2EB200B00DBD /* Assets.xcassets in Resources */,
				2CF130E9286A2EB100B00DBD /* Main.storyboard in Resources */,
			);
			runOnlyForDeploymentPostprocessing = 0;
		};
		2CF130F2286A2EB200B00DBD /* Resources */ = {
			isa = PBXResourcesBuildPhase;
			buildActionMask = 2147483647;
			files = (
			);
			runOnlyForDeploymentPostprocessing = 0;
		};
		2CF130FC286A2EB200B00DBD /* Resources */ = {
			isa = PBXResourcesBuildPhase;
			buildActionMask = 2147483647;
			files = (
			);
			runOnlyForDeploymentPostprocessing = 0;
		};
/* End PBXResourcesBuildPhase section */

/* Begin PBXSourcesBuildPhase section */
		2CF130DA286A2EB100B00DBD /* Sources */ = {
			isa = PBXSourcesBuildPhase;
			buildActionMask = 2147483647;
			files = (
				2CF130E6286A2EB100B00DBD /* ViewController.swift in Sources */,
				2CF130E2286A2EB100B00DBD /* AppDelegate.swift in Sources */,
				2CF130E4286A2EB100B00DBD /* SceneDelegate.swift in Sources */,
			);
			runOnlyForDeploymentPostprocessing = 0;
		};
		2CF130F0286A2EB200B00DBD /* Sources */ = {
			isa = PBXSourcesBuildPhase;
			buildActionMask = 2147483647;
			files = (
				2CF130F9286A2EB200B00DBD /* NavigationTests.swift in Sources */,
			);
			runOnlyForDeploymentPostprocessing = 0;
		};
		2CF130FA286A2EB200B00DBD /* Sources */ = {
			isa = PBXSourcesBuildPhase;
			buildActionMask = 2147483647;
			files = (
				2CF13105286A2EB200B00DBD /* NavigationUITestsLaunchTests.swift in Sources */,
				2CF13103286A2EB200B00DBD /* NavigationUITests.swift in Sources */,
			);
			runOnlyForDeploymentPostprocessing = 0;
		};
/* End PBXSourcesBuildPhase section */

/* Begin PBXTargetDependency section */
		2CF130F6286A2EB200B00DBD /* PBXTargetDependency */ = {
			isa = PBXTargetDependency;
			target = 2CF130DD286A2EB100B00DBD /* Navigation */;
			targetProxy = 2CF130F5286A2EB200B00DBD /* PBXContainerItemProxy */;
		};
		2CF13100286A2EB200B00DBD /* PBXTargetDependency */ = {
			isa = PBXTargetDependency;
			target = 2CF130DD286A2EB100B00DBD /* Navigation */;
			targetProxy = 2CF130FF286A2EB200B00DBD /* PBXContainerItemProxy */;
		};
/* End PBXTargetDependency section */

/* Begin PBXVariantGroup section */
		2CF130E7286A2EB100B00DBD /* Main.storyboard */ = {
			isa = PBXVariantGroup;
			children = (
				2CF130E8286A2EB100B00DBD /* Base */,
			);
			name = Main.storyboard;
			sourceTree = "<group>";
		};
		2CF130EC286A2EB200B00DBD /* LaunchScreen.storyboard */ = {
			isa = PBXVariantGroup;
			children = (
				2CF130ED286A2EB200B00DBD /* Base */,
			);
			name = LaunchScreen.storyboard;
			sourceTree = "<group>";
		};
/* End PBXVariantGroup section */

/* Begin XCBuildConfiguration section */
		2CF13106286A2EB200B00DBD /* Debug */ = {
			isa = XCBuildConfiguration;
			buildSettings = {
				ALWAYS_SEARCH_USER_PATHS = NO;
				CLANG_ANALYZER_NONNULL = YES;
				CLANG_ANALYZER_NUMBER_OBJECT_CONVERSION = YES_AGGRESSIVE;
				CLANG_CXX_LANGUAGE_STANDARD = "gnu++17";
				CLANG_ENABLE_MODULES = YES;
				CLANG_ENABLE_OBJC_ARC = YES;
				CLANG_ENABLE_OBJC_WEAK = YES;
				CLANG_WARN_BLOCK_CAPTURE_AUTORELEASING = YES;
				CLANG_WARN_BOOL_CONVERSION = YES;
				CLANG_WARN_COMMA = YES;
				CLANG_WARN_CONSTANT_CONVERSION = YES;
				CLANG_WARN_DEPRECATED_OBJC_IMPLEMENTATIONS = YES;
				CLANG_WARN_DIRECT_OBJC_ISA_USAGE = YES_ERROR;
				CLANG_WARN_DOCUMENTATION_COMMENTS = YES;
				CLANG_WARN_EMPTY_BODY = YES;
				CLANG_WARN_ENUM_CONVERSION = YES;
				CLANG_WARN_INFINITE_RECURSION = YES;
				CLANG_WARN_INT_CONVERSION = YES;
				CLANG_WARN_NON_LITERAL_NULL_CONVERSION = YES;
				CLANG_WARN_OBJC_IMPLICIT_RETAIN_SELF = YES;
				CLANG_WARN_OBJC_LITERAL_CONVERSION = YES;
				CLANG_WARN_OBJC_ROOT_CLASS = YES_ERROR;
				CLANG_WARN_QUOTED_INCLUDE_IN_FRAMEWORK_HEADER = YES;
				CLANG_WARN_RANGE_LOOP_ANALYSIS = YES;
				CLANG_WARN_STRICT_PROTOTYPES = YES;
				CLANG_WARN_SUSPICIOUS_MOVE = YES;
				CLANG_WARN_UNGUARDED_AVAILABILITY = YES_AGGRESSIVE;
				CLANG_WARN_UNREACHABLE_CODE = YES;
				CLANG_WARN__DUPLICATE_METHOD_MATCH = YES;
				COPY_PHASE_STRIP = NO;
				DEBUG_INFORMATION_FORMAT = dwarf;
				ENABLE_STRICT_OBJC_MSGSEND = YES;
				ENABLE_TESTABILITY = YES;
				GCC_C_LANGUAGE_STANDARD = gnu11;
				GCC_DYNAMIC_NO_PIC = NO;
				GCC_NO_COMMON_BLOCKS = YES;
				GCC_OPTIMIZATION_LEVEL = 0;
				GCC_PREPROCESSOR_DEFINITIONS = (
					"DEBUG=1",
					"$(inherited)",
				);
				GCC_WARN_64_TO_32_BIT_CONVERSION = YES;
				GCC_WARN_ABOUT_RETURN_TYPE = YES_ERROR;
				GCC_WARN_UNDECLARED_SELECTOR = YES;
				GCC_WARN_UNINITIALIZED_AUTOS = YES_AGGRESSIVE;
				GCC_WARN_UNUSED_FUNCTION = YES;
				GCC_WARN_UNUSED_VARIABLE = YES;
				IPHONEOS_DEPLOYMENT_TARGET = 15.4;
				MTL_ENABLE_DEBUG_INFO = INCLUDE_SOURCE;
				MTL_FAST_MATH = YES;
				ONLY_ACTIVE_ARCH = YES;
				SDKROOT = iphoneos;
				SWIFT_ACTIVE_COMPILATION_CONDITIONS = DEBUG;
				SWIFT_OPTIMIZATION_LEVEL = "-Onone";
			};
			name = Debug;
		};
		2CF13107286A2EB200B00DBD /* Release */ = {
			isa = XCBuildConfiguration;
			buildSettings = {
				ALWAYS_SEARCH_USER_PATHS = NO;
				CLANG_ANALYZER_NONNULL = YES;
				CLANG_ANALYZER_NUMBER_OBJECT_CONVERSION = YES_AGGRESSIVE;
				CLANG_CXX_LANGUAGE_STANDARD = "gnu++17";
				CLANG_ENABLE_MODULES = YES;
				CLANG_ENABLE_OBJC_ARC = YES;
				CLANG_ENABLE_OBJC_WEAK = YES;
				CLANG_WARN_BLOCK_CAPTURE_AUTORELEASING = YES;
				CLANG_WARN_BOOL_CONVERSION = YES;
				CLANG_WARN_COMMA = YES;
				CLANG_WARN_CONSTANT_CONVERSION = YES;
				CLANG_WARN_DEPRECATED_OBJC_IMPLEMENTATIONS = YES;
				CLANG_WARN_DIRECT_OBJC_ISA_USAGE = YES_ERROR;
				CLANG_WARN_DOCUMENTATION_COMMENTS = YES;
				CLANG_WARN_EMPTY_BODY = YES;
				CLANG_WARN_ENUM_CONVERSION = YES;
				CLANG_WARN_INFINITE_RECURSION = YES;
				CLANG_WARN_INT_CONVERSION = YES;
				CLANG_WARN_NON_LITERAL_NULL_CONVERSION = YES;
				CLANG_WARN_OBJC_IMPLICIT_RETAIN_SELF = YES;
				CLANG_WARN_OBJC_LITERAL_CONVERSION = YES;
				CLANG_WARN_OBJC_ROOT_CLASS = YES_ERROR;
				CLANG_WARN_QUOTED_INCLUDE_IN_FRAMEWORK_HEADER = YES;
				CLANG_WARN_RANGE_LOOP_ANALYSIS = YES;
				CLANG_WARN_STRICT_PROTOTYPES = YES;
				CLANG_WARN_SUSPICIOUS_MOVE = YES;
				CLANG_WARN_UNGUARDED_AVAILABILITY = YES_AGGRESSIVE;
				CLANG_WARN_UNREACHABLE_CODE = YES;
				CLANG_WARN__DUPLICATE_METHOD_MATCH = YES;
				COPY_PHASE_STRIP = NO;
				DEBUG_INFORMATION_FORMAT = "dwarf-with-dsym";
				ENABLE_NS_ASSERTIONS = NO;
				ENABLE_STRICT_OBJC_MSGSEND = YES;
				GCC_C_LANGUAGE_STANDARD = gnu11;
				GCC_NO_COMMON_BLOCKS = YES;
				GCC_WARN_64_TO_32_BIT_CONVERSION = YES;
				GCC_WARN_ABOUT_RETURN_TYPE = YES_ERROR;
				GCC_WARN_UNDECLARED_SELECTOR = YES;
				GCC_WARN_UNINITIALIZED_AUTOS = YES_AGGRESSIVE;
				GCC_WARN_UNUSED_FUNCTION = YES;
				GCC_WARN_UNUSED_VARIABLE = YES;
				IPHONEOS_DEPLOYMENT_TARGET = 15.4;
				MTL_ENABLE_DEBUG_INFO = NO;
				MTL_FAST_MATH = YES;
				SDKROOT = iphoneos;
				SWIFT_COMPILATION_MODE = wholemodule;
				SWIFT_OPTIMIZATION_LEVEL = "-O";
				VALIDATE_PRODUCT = YES;
			};
			name = Release;
		};
		2CF13109286A2EB200B00DBD /* Debug */ = {
			isa = XCBuildConfiguration;
			buildSettings = {
				ASSETCATALOG_COMPILER_APPICON_NAME = AppIcon;
				ASSETCATALOG_COMPILER_GLOBAL_ACCENT_COLOR_NAME = AccentColor;
				CODE_SIGN_STYLE = Automatic;
				CURRENT_PROJECT_VERSION = 1;
				GENERATE_INFOPLIST_FILE = YES;
				INFOPLIST_FILE = Navigation/Info.plist;
				INFOPLIST_KEY_UIApplicationSupportsIndirectInputEvents = YES;
				INFOPLIST_KEY_UILaunchStoryboardName = LaunchScreen;
				INFOPLIST_KEY_UIMainStoryboardFile = Main;
				INFOPLIST_KEY_UISupportedInterfaceOrientations_iPad = "UIInterfaceOrientationPortrait UIInterfaceOrientationPortraitUpsideDown UIInterfaceOrientationLandscapeLeft UIInterfaceOrientationLandscapeRight";
				INFOPLIST_KEY_UISupportedInterfaceOrientations_iPhone = "UIInterfaceOrientationPortrait UIInterfaceOrientationLandscapeLeft UIInterfaceOrientationLandscapeRight";
				LD_RUNPATH_SEARCH_PATHS = (
					"$(inherited)",
					"@executable_path/Frameworks",
				);
				MARKETING_VERSION = 1.0;
				PRODUCT_BUNDLE_IDENTIFIER = me.Navigation;
				PRODUCT_NAME = "$(TARGET_NAME)";
				SWIFT_EMIT_LOC_STRINGS = YES;
				SWIFT_VERSION = 5.0;
				TARGETED_DEVICE_FAMILY = "1,2";
			};
			name = Debug;
		};
		2CF1310A286A2EB200B00DBD /* Release */ = {
			isa = XCBuildConfiguration;
			buildSettings = {
				ASSETCATALOG_COMPILER_APPICON_NAME = AppIcon;
				ASSETCATALOG_COMPILER_GLOBAL_ACCENT_COLOR_NAME = AccentColor;
				CODE_SIGN_STYLE = Automatic;
				CURRENT_PROJECT_VERSION = 1;
				GENERATE_INFOPLIST_FILE = YES;
				INFOPLIST_FILE = Navigation/Info.plist;
				INFOPLIST_KEY_UIApplicationSupportsIndirectInputEvents = YES;
				INFOPLIST_KEY_UILaunchStoryboardName = LaunchScreen;
				INFOPLIST_KEY_UIMainStoryboardFile = Main;
				INFOPLIST_KEY_UISupportedInterfaceOrientations_iPad = "UIInterfaceOrientationPortrait UIInterfaceOrientationPortraitUpsideDown UIInterfaceOrientationLandscapeLeft UIInterfaceOrientationLandscapeRight";
				INFOPLIST_KEY_UISupportedInterfaceOrientations_iPhone = "UIInterfaceOrientationPortrait UIInterfaceOrientationLandscapeLeft UIInterfaceOrientationLandscapeRight";
				LD_RUNPATH_SEARCH_PATHS = (
					"$(inherited)",
					"@executable_path/Frameworks",
				);
				MARKETING_VERSION = 1.0;
				PRODUCT_BUNDLE_IDENTIFIER = me.Navigation;
				PRODUCT_NAME = "$(TARGET_NAME)";
				SWIFT_EMIT_LOC_STRINGS = YES;
				SWIFT_VERSION = 5.0;
				TARGETED_DEVICE_FAMILY = "1,2";
			};
			name = Release;
		};
		2CF1310C286A2EB200B00DBD /* Debug */ = {
			isa = XCBuildConfiguration;
			buildSettings = {
				ALWAYS_EMBED_SWIFT_STANDARD_LIBRARIES = YES;
				BUNDLE_LOADER = "$(TEST_HOST)";
				CODE_SIGN_STYLE = Automatic;
				CURRENT_PROJECT_VERSION = 1;
				GENERATE_INFOPLIST_FILE = YES;
				IPHONEOS_DEPLOYMENT_TARGET = 15.4;
				MARKETING_VERSION = 1.0;
				PRODUCT_BUNDLE_IDENTIFIER = me.NavigationTests;
				PRODUCT_NAME = "$(TARGET_NAME)";
				SWIFT_EMIT_LOC_STRINGS = NO;
				SWIFT_VERSION = 5.0;
				TARGETED_DEVICE_FAMILY = "1,2";
				TEST_HOST = "$(BUILT_PRODUCTS_DIR)/Navigation.app/Navigation";
			};
			name = Debug;
		};
		2CF1310D286A2EB200B00DBD /* Release */ = {
			isa = XCBuildConfiguration;
			buildSettings = {
				ALWAYS_EMBED_SWIFT_STANDARD_LIBRARIES = YES;
				BUNDLE_LOADER = "$(TEST_HOST)";
				CODE_SIGN_STYLE = Automatic;
				CURRENT_PROJECT_VERSION = 1;
				GENERATE_INFOPLIST_FILE = YES;
				IPHONEOS_DEPLOYMENT_TARGET = 15.4;
				MARKETING_VERSION = 1.0;
				PRODUCT_BUNDLE_IDENTIFIER = me.NavigationTests;
				PRODUCT_NAME = "$(TARGET_NAME)";
				SWIFT_EMIT_LOC_STRINGS = NO;
				SWIFT_VERSION = 5.0;
				TARGETED_DEVICE_FAMILY = "1,2";
				TEST_HOST = "$(BUILT_PRODUCTS_DIR)/Navigation.app/Navigation";
			};
			name = Release;
		};
		2CF1310F286A2EB200B00DBD /* Debug */ = {
			isa = XCBuildConfiguration;
			buildSettings = {
				ALWAYS_EMBED_SWIFT_STANDARD_LIBRARIES = YES;
				CODE_SIGN_STYLE = Automatic;
				CURRENT_PROJECT_VERSION = 1;
				GENERATE_INFOPLIST_FILE = YES;
				MARKETING_VERSION = 1.0;
				PRODUCT_BUNDLE_IDENTIFIER = me.NavigationUITests;
				PRODUCT_NAME = "$(TARGET_NAME)";
				SWIFT_EMIT_LOC_STRINGS = NO;
				SWIFT_VERSION = 5.0;
				TARGETED_DEVICE_FAMILY = "1,2";
				TEST_TARGET_NAME = Navigation;
			};
			name = Debug;
		};
		2CF13110286A2EB200B00DBD /* Release */ = {
			isa = XCBuildConfiguration;
			buildSettings = {
				ALWAYS_EMBED_SWIFT_STANDARD_LIBRARIES = YES;
				CODE_SIGN_STYLE = Automatic;
				CURRENT_PROJECT_VERSION = 1;
				GENERATE_INFOPLIST_FILE = YES;
				MARKETING_VERSION = 1.0;
				PRODUCT_BUNDLE_IDENTIFIER = me.NavigationUITests;
				PRODUCT_NAME = "$(TARGET_NAME)";
				SWIFT_EMIT_LOC_STRINGS = NO;
				SWIFT_VERSION = 5.0;
				TARGETED_DEVICE_FAMILY = "1,2";
				TEST_TARGET_NAME = Navigation;
			};
			name = Release;
		};
/* End XCBuildConfiguration section */

/* Begin XCConfigurationList section */
		2CF130D9286A2EB100B00DBD /* Build configuration list for PBXProject "Navigation" */ = {
			isa = XCConfigurationList;
			buildConfigurations = (
				2CF13106286A2EB200B00DBD /* Debug */,
				2CF13107286A2EB200B00DBD /* Release */,
			);
			defaultConfigurationIsVisible = 0;
			defaultConfigurationName = Release;
		};
		2CF13108286A2EB200B00DBD /* Build configuration list for PBXNativeTarget "Navigation" */ = {
			isa = XCConfigurationList;
			buildConfigurations = (
				2CF13109286A2EB200B00DBD /* Debug */,
				2CF1310A286A2EB200B00DBD /* Release */,
			);
			defaultConfigurationIsVisible = 0;
			defaultConfigurationName = Release;
		};
		2CF1310B286A2EB200B00DBD /* Build configuration list for PBXNativeTarget "NavigationTests" */ = {
			isa = XCConfigurationList;
			buildConfigurations = (
				2CF1310C286A2EB200B00DBD /* Debug */,
				2CF1310D286A2EB200B00DBD /* Release */,
			);
			defaultConfigurationIsVisible = 0;
			defaultConfigurationName = Release;
		};
		2CF1310E286A2EB200B00DBD /* Build configuration list for PBXNativeTarget "NavigationUITests" */ = {
			isa = XCConfigurationList;
			buildConfigurations = (
				2CF1310F286A2EB200B00DBD /* Debug */,
				2CF13110286A2EB200B00DBD /* Release */,
			);
			defaultConfigurationIsVisible = 0;
			defaultConfigurationName = Release;
		};
/* End XCConfigurationList section */
	};
	rootObject = 2CF130D6286A2EB100B00DBD /* Project object */;
}
